
Microsoft Visual Studio Solution File, Format Version 12.00
# Visual Studio Version 17
VisualStudioVersion = 17.11.35327.3
MinimumVisualStudioVersion = 10.0.40219.1
Project("{FAE04EC0-301F-11D3-BF4B-00C04F79EFBC}") = "DZ_Otus_7", "DZ_Otus_7.csproj", "{2F50D16F-F732-4471-B882-79C50060C706}"
EndProject
Global
	GlobalSection(SolutionConfigurationPlatforms) = preSolution
		Debug|Any CPU = Debug|Any CPU
		Release|Any CPU = Release|Any CPU
	EndGlobalSection
	GlobalSection(ProjectConfigurationPlatforms) = postSolution
		{2F50D16F-F732-4471-B882-79C50060C706}.Debug|Any CPU.ActiveCfg = Debug|Any CPU
		{2F50D16F-F732-4471-B882-79C50060C706}.Debug|Any CPU.Build.0 = Debug|Any CPU
		{2F50D16F-F732-4471-B882-79C50060C706}.Release|Any CPU.ActiveCfg = Release|Any CPU
		{2F50D16F-F732-4471-B882-79C50060C706}.Release|Any CPU.Build.0 = Release|Any CPU
	EndGlobalSection
	GlobalSection(SolutionProperties) = preSolution
		HideSolutionNode = FALSE
	EndGlobalSection
	GlobalSection(ExtensibilityGlobals) = postSolution
		SolutionGuid = {D6817CAF-BA80-495A-ACE6-6A049124B9A9}
	EndGlobalSection
EndGlobal
